
Microsoft Visual Studio Solution File, Format Version 12.00
# Visual Studio Version 16
VisualStudioVersion = 16.0.32126.315
MinimumVisualStudioVersion = 10.0.40219.1
Project("{2150E333-8FDC-42A3-9474-1A3956D46DE8}") = "0. Core", "0. Core", "{BCBC927A-249F-43C2-8B09-20A2C50F1773}"
EndProject
Project("{2150E333-8FDC-42A3-9474-1A3956D46DE8}") = "1. Contents", "1. Contents", "{564C1C63-41EB-43E7-AD7D-83459693132A}"
EndProject
Project("{2150E333-8FDC-42A3-9474-1A3956D46DE8}") = "0. Base", "0. Base", "{B2401356-D48A-461E-B095-C08B14C885EE}"
	ProjectSection(SolutionItems) = preProject
		Core\Base\readme.txt = Core\Base\readme.txt
	EndProjectSection
EndProject
Project("{2150E333-8FDC-42A3-9474-1A3956D46DE8}") = "1. Network", "1. Network", "{1E1B987C-3BDC-430D-8590-EB1A0504B262}"
	ProjectSection(SolutionItems) = preProject
		Core\Network\readme.txt = Core\Network\readme.txt
	EndProjectSection
EndProject
Project("{2150E333-8FDC-42A3-9474-1A3956D46DE8}") = "2. Server", "2. Server", "{AFC7480F-86F5-431F-B823-A4CE0CD547BB}"
EndProject
Project("{2150E333-8FDC-42A3-9474-1A3956D46DE8}") = "3. Client", "3. Client", "{A2AFEAF7-C8EA-4073-970E-E6142DEBD121}"
EndProject
Project("{2150E333-8FDC-42A3-9474-1A3956D46DE8}") = "5. Field", "5. Field", "{13C0A263-E914-40F3-85E4-16073FE51D00}"
EndProject
Project("{2150E333-8FDC-42A3-9474-1A3956D46DE8}") = "4. Lobby", "4. Lobby", "{61C462F0-2850-49A5-8DDD-0862E3749478}"
EndProject
Project("{2150E333-8FDC-42A3-9474-1A3956D46DE8}") = "6. Query", "6. Query", "{CB3F500D-DBE0-4FA6-9276-7E09E49163B4}"
EndProject
Project("{2150E333-8FDC-42A3-9474-1A3956D46DE8}") = "Trading", "Trading", "{D8683608-291B-4EDF-A267-20F6CEAF3991}"
EndProject
Project("{8BC9CEB8-8B4A-11D0-8D11-00A0C91BC942}") = "Base", "Core\Base\Base.vcxproj", "{FF6D711E-404A-4EF8-90FD-8F470F2D47C7}"
EndProject
Project("{8BC9CEB8-8B4A-11D0-8D11-00A0C91BC942}") = "Network", "Core\Network\Network.vcxproj", "{D6CAF8E9-9604-4BA2-8136-A6BB4ABC9DB4}"
	ProjectSection(ProjectDependencies) = postProject
		{FF6D711E-404A-4EF8-90FD-8F470F2D47C7} = {FF6D711E-404A-4EF8-90FD-8F470F2D47C7}
	EndProjectSection
EndProject
Project("{8BC9CEB8-8B4A-11D0-8D11-00A0C91BC942}") = "TradeServer", "Contents\TradingServer\TradingServer.vcxproj", "{609AABD1-48A7-4B05-8337-D76F091E9126}"
	ProjectSection(ProjectDependencies) = postProject
		{FF6D711E-404A-4EF8-90FD-8F470F2D47C7} = {FF6D711E-404A-4EF8-90FD-8F470F2D47C7}
		{5D2B7B94-32C8-464A-A6D1-C07863D392C2} = {5D2B7B94-32C8-464A-A6D1-C07863D392C2}
		{2FC3D6E8-1C27-4D27-9B9D-11A4F84B9AE2} = {2FC3D6E8-1C27-4D27-9B9D-11A4F84B9AE2}
		{D6CAF8E9-9604-4BA2-8136-A6BB4ABC9DB4} = {D6CAF8E9-9604-4BA2-8136-A6BB4ABC9DB4}
		{DFCBBCF4-3725-470A-838C-052708795289} = {DFCBBCF4-3725-470A-838C-052708795289}
	EndProjectSection
EndProject
Project("{8BC9CEB8-8B4A-11D0-8D11-00A0C91BC942}") = "TradeShared", "Contents\TradeShared\TradeShared.vcxproj", "{DFCBBCF4-3725-470A-838C-052708795289}"
	ProjectSection(ProjectDependencies) = postProject
		{FF6D711E-404A-4EF8-90FD-8F470F2D47C7} = {FF6D711E-404A-4EF8-90FD-8F470F2D47C7}
		{D6CAF8E9-9604-4BA2-8136-A6BB4ABC9DB4} = {D6CAF8E9-9604-4BA2-8136-A6BB4ABC9DB4}
	EndProjectSection
EndProject
Project("{8BC9CEB8-8B4A-11D0-8D11-00A0C91BC942}") = "Client", "Core\Client\Client.vcxproj", "{6FA5883D-5F57-4AFD-9A45-FE15FC343C4E}"
EndProject
Project("{8BC9CEB8-8B4A-11D0-8D11-00A0C91BC942}") = "TradeClient", "Contents\TradingClient\TradingClient.vcxproj", "{2664A378-6FED-4870-BC9F-6C12538B521D}"
EndProject
Project("{8BC9CEB8-8B4A-11D0-8D11-00A0C91BC942}") = "Lobby", "Core\Lobby\Lobby.vcxproj", "{5D2B7B94-32C8-464A-A6D1-C07863D392C2}"
EndProject
Project("{8BC9CEB8-8B4A-11D0-8D11-00A0C91BC942}") = "Field", "Core\Field\Field.vcxproj", "{71B5CDBB-20ED-413D-9641-753F2474825D}"
EndProject
Project("{8BC9CEB8-8B4A-11D0-8D11-00A0C91BC942}") = "Server", "Core\Server\Server.vcxproj", "{2FC3D6E8-1C27-4D27-9B9D-11A4F84B9AE2}"
EndProject
Project("{2150E333-8FDC-42A3-9474-1A3956D46DE8}") = "Bot", "Bot", "{599E662F-B802-460E-B923-5FB3691A5F74}"
EndProject
Project("{8BC9CEB8-8B4A-11D0-8D11-00A0C91BC942}") = "BotCLR", "Util\Bot\BotCLR\BotCLR.vcxproj", "{0ABBE197-AF07-487B-9257-B057CEDBAE78}"
EndProject
Project("{8BC9CEB8-8B4A-11D0-8D11-00A0C91BC942}") = "Query", "Core\Query\Query.vcxproj", "{BA5C877D-1294-423A-BC68-798C40A70422}"
EndProject
Project("{8BC9CEB8-8B4A-11D0-8D11-00A0C91BC942}") = "ClientCLR", "Core\Client\ClientCLR\ClientCLR.vcxproj", "{1B4E47CD-4232-4DAD-B049-8E3F3388B15A}"
EndProject
Global
	GlobalSection(SolutionConfigurationPlatforms) = preSolution
		Debug|Any CPU = Debug|Any CPU
		Debug|x64 = Debug|x64
		Debug|x86 = Debug|x86
		Release|Any CPU = Release|Any CPU
		Release|x64 = Release|x64
		Release|x86 = Release|x86
	EndGlobalSection
	GlobalSection(ProjectConfigurationPlatforms) = postSolution
		{FF6D711E-404A-4EF8-90FD-8F470F2D47C7}.Debug|Any CPU.ActiveCfg = Debug|Win32
		{FF6D711E-404A-4EF8-90FD-8F470F2D47C7}.Debug|x64.ActiveCfg = Debug|x64
		{FF6D711E-404A-4EF8-90FD-8F470F2D47C7}.Debug|x64.Build.0 = Debug|x64
		{FF6D711E-404A-4EF8-90FD-8F470F2D47C7}.Debug|x86.ActiveCfg = Debug|Win32
		{FF6D711E-404A-4EF8-90FD-8F470F2D47C7}.Debug|x86.Build.0 = Debug|Win32
		{FF6D711E-404A-4EF8-90FD-8F470F2D47C7}.Release|Any CPU.ActiveCfg = Release|Win32
		{FF6D711E-404A-4EF8-90FD-8F470F2D47C7}.Release|x64.ActiveCfg = Release|x64
		{FF6D711E-404A-4EF8-90FD-8F470F2D47C7}.Release|x64.Build.0 = Release|x64
		{FF6D711E-404A-4EF8-90FD-8F470F2D47C7}.Release|x86.ActiveCfg = Release|Win32
		{FF6D711E-404A-4EF8-90FD-8F470F2D47C7}.Release|x86.Build.0 = Release|Win32
		{D6CAF8E9-9604-4BA2-8136-A6BB4ABC9DB4}.Debug|Any CPU.ActiveCfg = Debug|Win32
		{D6CAF8E9-9604-4BA2-8136-A6BB4ABC9DB4}.Debug|x64.ActiveCfg = Debug|x64
		{D6CAF8E9-9604-4BA2-8136-A6BB4ABC9DB4}.Debug|x64.Build.0 = Debug|x64
		{D6CAF8E9-9604-4BA2-8136-A6BB4ABC9DB4}.Debug|x86.ActiveCfg = Debug|Win32
		{D6CAF8E9-9604-4BA2-8136-A6BB4ABC9DB4}.Debug|x86.Build.0 = Debug|Win32
		{D6CAF8E9-9604-4BA2-8136-A6BB4ABC9DB4}.Release|Any CPU.ActiveCfg = Release|Win32
		{D6CAF8E9-9604-4BA2-8136-A6BB4ABC9DB4}.Release|x64.ActiveCfg = Release|x64
		{D6CAF8E9-9604-4BA2-8136-A6BB4ABC9DB4}.Release|x64.Build.0 = Release|x64
		{D6CAF8E9-9604-4BA2-8136-A6BB4ABC9DB4}.Release|x86.ActiveCfg = Release|Win32
		{D6CAF8E9-9604-4BA2-8136-A6BB4ABC9DB4}.Release|x86.Build.0 = Release|Win32
		{609AABD1-48A7-4B05-8337-D76F091E9126}.Debug|Any CPU.ActiveCfg = Debug|Win32
		{609AABD1-48A7-4B05-8337-D76F091E9126}.Debug|x64.ActiveCfg = Debug|x64
		{609AABD1-48A7-4B05-8337-D76F091E9126}.Debug|x64.Build.0 = Debug|x64
		{609AABD1-48A7-4B05-8337-D76F091E9126}.Debug|x86.ActiveCfg = Debug|Win32
		{609AABD1-48A7-4B05-8337-D76F091E9126}.Debug|x86.Build.0 = Debug|Win32
		{609AABD1-48A7-4B05-8337-D76F091E9126}.Release|Any CPU.ActiveCfg = Release|Win32
		{609AABD1-48A7-4B05-8337-D76F091E9126}.Release|x64.ActiveCfg = Release|x64
		{609AABD1-48A7-4B05-8337-D76F091E9126}.Release|x64.Build.0 = Release|x64
		{609AABD1-48A7-4B05-8337-D76F091E9126}.Release|x86.ActiveCfg = Release|Win32
		{609AABD1-48A7-4B05-8337-D76F091E9126}.Release|x86.Build.0 = Release|Win32
		{DFCBBCF4-3725-470A-838C-052708795289}.Debug|Any CPU.ActiveCfg = Debug|Win32
		{DFCBBCF4-3725-470A-838C-052708795289}.Debug|x64.ActiveCfg = Debug|x64
		{DFCBBCF4-3725-470A-838C-052708795289}.Debug|x64.Build.0 = Debug|x64
		{DFCBBCF4-3725-470A-838C-052708795289}.Debug|x86.ActiveCfg = Debug|Win32
		{DFCBBCF4-3725-470A-838C-052708795289}.Debug|x86.Build.0 = Debug|Win32
		{DFCBBCF4-3725-470A-838C-052708795289}.Release|Any CPU.ActiveCfg = Release|Win32
		{DFCBBCF4-3725-470A-838C-052708795289}.Release|x64.ActiveCfg = Release|x64
		{DFCBBCF4-3725-470A-838C-052708795289}.Release|x64.Build.0 = Release|x64
		{DFCBBCF4-3725-470A-838C-052708795289}.Release|x86.ActiveCfg = Release|Win32
		{DFCBBCF4-3725-470A-838C-052708795289}.Release|x86.Build.0 = Release|Win32
		{6FA5883D-5F57-4AFD-9A45-FE15FC343C4E}.Debug|Any CPU.ActiveCfg = Debug|Win32
		{6FA5883D-5F57-4AFD-9A45-FE15FC343C4E}.Debug|x64.ActiveCfg = Debug|x64
		{6FA5883D-5F57-4AFD-9A45-FE15FC343C4E}.Debug|x64.Build.0 = Debug|x64
		{6FA5883D-5F57-4AFD-9A45-FE15FC343C4E}.Debug|x86.ActiveCfg = Debug|Win32
		{6FA5883D-5F57-4AFD-9A45-FE15FC343C4E}.Debug|x86.Build.0 = Debug|Win32
		{6FA5883D-5F57-4AFD-9A45-FE15FC343C4E}.Release|Any CPU.ActiveCfg = Release|Win32
		{6FA5883D-5F57-4AFD-9A45-FE15FC343C4E}.Release|x64.ActiveCfg = Release|x64
		{6FA5883D-5F57-4AFD-9A45-FE15FC343C4E}.Release|x64.Build.0 = Release|x64
		{6FA5883D-5F57-4AFD-9A45-FE15FC343C4E}.Release|x86.ActiveCfg = Release|Win32
		{6FA5883D-5F57-4AFD-9A45-FE15FC343C4E}.Release|x86.Build.0 = Release|Win32
		{2664A378-6FED-4870-BC9F-6C12538B521D}.Debug|Any CPU.ActiveCfg = Debug|Win32
		{2664A378-6FED-4870-BC9F-6C12538B521D}.Debug|x64.ActiveCfg = Debug|x64
		{2664A378-6FED-4870-BC9F-6C12538B521D}.Debug|x64.Build.0 = Debug|x64
		{2664A378-6FED-4870-BC9F-6C12538B521D}.Debug|x86.ActiveCfg = Debug|Win32
		{2664A378-6FED-4870-BC9F-6C12538B521D}.Debug|x86.Build.0 = Debug|Win32
		{2664A378-6FED-4870-BC9F-6C12538B521D}.Release|Any CPU.ActiveCfg = Release|Win32
		{2664A378-6FED-4870-BC9F-6C12538B521D}.Release|x64.ActiveCfg = Release|x64
		{2664A378-6FED-4870-BC9F-6C12538B521D}.Release|x64.Build.0 = Release|x64
		{2664A378-6FED-4870-BC9F-6C12538B521D}.Release|x86.ActiveCfg = Release|Win32
		{2664A378-6FED-4870-BC9F-6C12538B521D}.Release|x86.Build.0 = Release|Win32
		{5D2B7B94-32C8-464A-A6D1-C07863D392C2}.Debug|Any CPU.ActiveCfg = Debug|Win32
		{5D2B7B94-32C8-464A-A6D1-C07863D392C2}.Debug|x64.ActiveCfg = Debug|x64
		{5D2B7B94-32C8-464A-A6D1-C07863D392C2}.Debug|x64.Build.0 = Debug|x64
		{5D2B7B94-32C8-464A-A6D1-C07863D392C2}.Debug|x86.ActiveCfg = Debug|Win32
		{5D2B7B94-32C8-464A-A6D1-C07863D392C2}.Debug|x86.Build.0 = Debug|Win32
		{5D2B7B94-32C8-464A-A6D1-C07863D392C2}.Release|Any CPU.ActiveCfg = Release|Win32
		{5D2B7B94-32C8-464A-A6D1-C07863D392C2}.Release|x64.ActiveCfg = Release|x64
		{5D2B7B94-32C8-464A-A6D1-C07863D392C2}.Release|x64.Build.0 = Release|x64
		{5D2B7B94-32C8-464A-A6D1-C07863D392C2}.Release|x86.ActiveCfg = Release|Win32
		{5D2B7B94-32C8-464A-A6D1-C07863D392C2}.Release|x86.Build.0 = Release|Win32
		{71B5CDBB-20ED-413D-9641-753F2474825D}.Debug|Any CPU.ActiveCfg = Debug|Win32
		{71B5CDBB-20ED-413D-9641-753F2474825D}.Debug|x64.ActiveCfg = Debug|x64
		{71B5CDBB-20ED-413D-9641-753F2474825D}.Debug|x64.Build.0 = Debug|x64
		{71B5CDBB-20ED-413D-9641-753F2474825D}.Debug|x86.ActiveCfg = Debug|Win32
		{71B5CDBB-20ED-413D-9641-753F2474825D}.Debug|x86.Build.0 = Debug|Win32
		{71B5CDBB-20ED-413D-9641-753F2474825D}.Release|Any CPU.ActiveCfg = Release|Win32
		{71B5CDBB-20ED-413D-9641-753F2474825D}.Release|x64.ActiveCfg = Release|x64
		{71B5CDBB-20ED-413D-9641-753F2474825D}.Release|x64.Build.0 = Release|x64
		{71B5CDBB-20ED-413D-9641-753F2474825D}.Release|x86.ActiveCfg = Release|Win32
		{71B5CDBB-20ED-413D-9641-753F2474825D}.Release|x86.Build.0 = Release|Win32
		{2FC3D6E8-1C27-4D27-9B9D-11A4F84B9AE2}.Debug|Any CPU.ActiveCfg = Debug|Win32
		{2FC3D6E8-1C27-4D27-9B9D-11A4F84B9AE2}.Debug|x64.ActiveCfg = Debug|x64
		{2FC3D6E8-1C27-4D27-9B9D-11A4F84B9AE2}.Debug|x64.Build.0 = Debug|x64
		{2FC3D6E8-1C27-4D27-9B9D-11A4F84B9AE2}.Debug|x86.ActiveCfg = Debug|Win32
		{2FC3D6E8-1C27-4D27-9B9D-11A4F84B9AE2}.Debug|x86.Build.0 = Debug|Win32
		{2FC3D6E8-1C27-4D27-9B9D-11A4F84B9AE2}.Release|Any CPU.ActiveCfg = Release|Win32
		{2FC3D6E8-1C27-4D27-9B9D-11A4F84B9AE2}.Release|x64.ActiveCfg = Release|x64
		{2FC3D6E8-1C27-4D27-9B9D-11A4F84B9AE2}.Release|x64.Build.0 = Release|x64
		{2FC3D6E8-1C27-4D27-9B9D-11A4F84B9AE2}.Release|x86.ActiveCfg = Release|Win32
		{2FC3D6E8-1C27-4D27-9B9D-11A4F84B9AE2}.Release|x86.Build.0 = Release|Win32
		{0ABBE197-AF07-487B-9257-B057CEDBAE78}.Debug|Any CPU.ActiveCfg = Debug|Win32
		{0ABBE197-AF07-487B-9257-B057CEDBAE78}.Debug|x64.ActiveCfg = Debug|x64
		{0ABBE197-AF07-487B-9257-B057CEDBAE78}.Debug|x64.Build.0 = Debug|x64
		{0ABBE197-AF07-487B-9257-B057CEDBAE78}.Debug|x86.ActiveCfg = Debug|Win32
		{0ABBE197-AF07-487B-9257-B057CEDBAE78}.Debug|x86.Build.0 = Debug|Win32
		{0ABBE197-AF07-487B-9257-B057CEDBAE78}.Release|Any CPU.ActiveCfg = Release|Win32
		{0ABBE197-AF07-487B-9257-B057CEDBAE78}.Release|x64.ActiveCfg = Release|x64
		{0ABBE197-AF07-487B-9257-B057CEDBAE78}.Release|x64.Build.0 = Release|x64
		{0ABBE197-AF07-487B-9257-B057CEDBAE78}.Release|x86.ActiveCfg = Release|Win32
		{0ABBE197-AF07-487B-9257-B057CEDBAE78}.Release|x86.Build.0 = Release|Win32
		{BA5C877D-1294-423A-BC68-798C40A70422}.Debug|Any CPU.ActiveCfg = Debug|Win32
		{BA5C877D-1294-423A-BC68-798C40A70422}.Debug|x64.ActiveCfg = Debug|x64
		{BA5C877D-1294-423A-BC68-798C40A70422}.Debug|x64.Build.0 = Debug|x64
		{BA5C877D-1294-423A-BC68-798C40A70422}.Debug|x86.ActiveCfg = Debug|Win32
		{BA5C877D-1294-423A-BC68-798C40A70422}.Debug|x86.Build.0 = Debug|Win32
		{BA5C877D-1294-423A-BC68-798C40A70422}.Release|Any CPU.ActiveCfg = Release|Win32
		{BA5C877D-1294-423A-BC68-798C40A70422}.Release|x64.ActiveCfg = Release|x64
		{BA5C877D-1294-423A-BC68-798C40A70422}.Release|x64.Build.0 = Release|x64
		{BA5C877D-1294-423A-BC68-798C40A70422}.Release|x86.ActiveCfg = Release|Win32
		{BA5C877D-1294-423A-BC68-798C40A70422}.Release|x86.Build.0 = Release|Win32
		{1B4E47CD-4232-4DAD-B049-8E3F3388B15A}.Debug|Any CPU.ActiveCfg = Debug|Win32
		{1B4E47CD-4232-4DAD-B049-8E3F3388B15A}.Debug|x64.ActiveCfg = Debug|x64
		{1B4E47CD-4232-4DAD-B049-8E3F3388B15A}.Debug|x64.Build.0 = Debug|x64
		{1B4E47CD-4232-4DAD-B049-8E3F3388B15A}.Debug|x86.ActiveCfg = Debug|Win32
		{1B4E47CD-4232-4DAD-B049-8E3F3388B15A}.Debug|x86.Build.0 = Debug|Win32
		{1B4E47CD-4232-4DAD-B049-8E3F3388B15A}.Release|Any CPU.ActiveCfg = Release|Win32
		{1B4E47CD-4232-4DAD-B049-8E3F3388B15A}.Release|x64.ActiveCfg = Release|x64
		{1B4E47CD-4232-4DAD-B049-8E3F3388B15A}.Release|x64.Build.0 = Release|x64
		{1B4E47CD-4232-4DAD-B049-8E3F3388B15A}.Release|x86.ActiveCfg = Release|Win32
		{1B4E47CD-4232-4DAD-B049-8E3F3388B15A}.Release|x86.Build.0 = Release|Win32
	EndGlobalSection
	GlobalSection(SolutionProperties) = preSolution
		HideSolutionNode = FALSE
	EndGlobalSection
	GlobalSection(NestedProjects) = preSolution
		{B2401356-D48A-461E-B095-C08B14C885EE} = {BCBC927A-249F-43C2-8B09-20A2C50F1773}
		{1E1B987C-3BDC-430D-8590-EB1A0504B262} = {BCBC927A-249F-43C2-8B09-20A2C50F1773}
		{AFC7480F-86F5-431F-B823-A4CE0CD547BB} = {BCBC927A-249F-43C2-8B09-20A2C50F1773}
		{A2AFEAF7-C8EA-4073-970E-E6142DEBD121} = {BCBC927A-249F-43C2-8B09-20A2C50F1773}
		{13C0A263-E914-40F3-85E4-16073FE51D00} = {BCBC927A-249F-43C2-8B09-20A2C50F1773}
		{61C462F0-2850-49A5-8DDD-0862E3749478} = {BCBC927A-249F-43C2-8B09-20A2C50F1773}
		{CB3F500D-DBE0-4FA6-9276-7E09E49163B4} = {BCBC927A-249F-43C2-8B09-20A2C50F1773}
		{D8683608-291B-4EDF-A267-20F6CEAF3991} = {564C1C63-41EB-43E7-AD7D-83459693132A}
		{FF6D711E-404A-4EF8-90FD-8F470F2D47C7} = {B2401356-D48A-461E-B095-C08B14C885EE}
		{D6CAF8E9-9604-4BA2-8136-A6BB4ABC9DB4} = {1E1B987C-3BDC-430D-8590-EB1A0504B262}
		{609AABD1-48A7-4B05-8337-D76F091E9126} = {D8683608-291B-4EDF-A267-20F6CEAF3991}
		{DFCBBCF4-3725-470A-838C-052708795289} = {D8683608-291B-4EDF-A267-20F6CEAF3991}
		{6FA5883D-5F57-4AFD-9A45-FE15FC343C4E} = {A2AFEAF7-C8EA-4073-970E-E6142DEBD121}
		{2664A378-6FED-4870-BC9F-6C12538B521D} = {D8683608-291B-4EDF-A267-20F6CEAF3991}
		{5D2B7B94-32C8-464A-A6D1-C07863D392C2} = {61C462F0-2850-49A5-8DDD-0862E3749478}
		{71B5CDBB-20ED-413D-9641-753F2474825D} = {13C0A263-E914-40F3-85E4-16073FE51D00}
		{2FC3D6E8-1C27-4D27-9B9D-11A4F84B9AE2} = {AFC7480F-86F5-431F-B823-A4CE0CD547BB}
		{599E662F-B802-460E-B923-5FB3691A5F74} = {564C1C63-41EB-43E7-AD7D-83459693132A}
		{0ABBE197-AF07-487B-9257-B057CEDBAE78} = {599E662F-B802-460E-B923-5FB3691A5F74}
		{BA5C877D-1294-423A-BC68-798C40A70422} = {CB3F500D-DBE0-4FA6-9276-7E09E49163B4}
		{1B4E47CD-4232-4DAD-B049-8E3F3388B15A} = {A2AFEAF7-C8EA-4073-970E-E6142DEBD121}
	EndGlobalSection
	GlobalSection(ExtensibilityGlobals) = postSolution
		SolutionGuid = {E72153B4-10A3-445A-81E5-DE310BB1EBA2}
	EndGlobalSection
EndGlobal
