<?xml version="1.0" encoding="utf-8"?>
<Project ToolsVersion="16.0" xmlns="http://schemas.microsoft.com/developer/msbuild/2003">
  <ItemGroup>
    <CustomBuild Include="C:\Programming\HoseoServer\HoseoServer\trd\SOCI\soci-4.0.3\CMakeFiles\88b7abad2e3a12453b8fe575c6c116cf\check.rule">
      <Filter>CMake Rules</Filter>
    </CustomBuild>
    <CustomBuild Include="C:\Programming\HoseoServer\HoseoServer\trd\SOCI\soci-4.0.3\CMakeLists.txt" />
  </ItemGroup>
  <ItemGroup>
    <None Include="C:\Programming\HoseoServer\HoseoServer\trd\SOCI\soci-4.0.3\CMakeFiles\check" />
  </ItemGroup>
  <ItemGroup>
    <Filter Include="CMake Rules">
      <UniqueIdentifier>{0603AC75-1686-38C9-A0BD-F37AB1D159A0}</UniqueIdentifier>
    </Filter>
  </ItemGroup>
</Project>
