
Microsoft Visual Studio Solution File, Format Version 12.00
# Visual Studio Version 16
Project("{8BC9CEB8-8B4A-11D0-8D11-00A0C91BC942}") = "ALL_BUILD", "ALL_BUILD.vcxproj", "{ADFFFC39-FB92-3D75-B19F-FB69736888D3}"
	ProjectSection(ProjectDependencies) = postProject
		{36A6018E-80C0-3E77-B742-EBEF9EC5D763} = {36A6018E-80C0-3E77-B742-EBEF9EC5D763}
		{B80B5E90-B700-38AD-B370-C2102B7DE5B2} = {B80B5E90-B700-38AD-B370-C2102B7DE5B2}
		{FB85F571-36D3-3D71-8BD5-F2C358D72517} = {FB85F571-36D3-3D71-8BD5-F2C358D72517}
		{654DCBAA-12AB-3858-AB27-0BB6742B91E7} = {654DCBAA-12AB-3858-AB27-0BB6742B91E7}
		{1FE3CE2E-870F-3ABB-A61F-4FA1E4856DE3} = {1FE3CE2E-870F-3ABB-A61F-4FA1E4856DE3}
		{89CF4244-BBEC-3997-A5D3-CB886A28DF08} = {89CF4244-BBEC-3997-A5D3-CB886A28DF08}
		{2EA69792-5BD2-327B-9548-5053E6FA4D2B} = {2EA69792-5BD2-327B-9548-5053E6FA4D2B}
		{267425FE-C2D7-37E8-8B0F-0B3C875755A8} = {267425FE-C2D7-37E8-8B0F-0B3C875755A8}
		{E33694A1-53B4-3D8C-B773-19CA2286B6B1} = {E33694A1-53B4-3D8C-B773-19CA2286B6B1}
		{E002DFA6-D78C-3D43-A044-934F8F034B8F} = {E002DFA6-D78C-3D43-A044-934F8F034B8F}
		{D2A8C540-472A-3ACD-B7CA-07799FDA8D9F} = {D2A8C540-472A-3ACD-B7CA-07799FDA8D9F}
		{62E25961-F589-3F63-8100-B67BA2F08B86} = {62E25961-F589-3F63-8100-B67BA2F08B86}
		{B679460D-BF75-3217-9D52-829DDE902ED7} = {B679460D-BF75-3217-9D52-829DDE902ED7}
		{57D4FCB7-B479-3456-AB90-38D8661D347E} = {57D4FCB7-B479-3456-AB90-38D8661D347E}
		{387E5389-C052-3B89-BA7E-80FAA734A7EA} = {387E5389-C052-3B89-BA7E-80FAA734A7EA}
		{1352399A-4CE8-3FEE-9117-645E1C12118F} = {1352399A-4CE8-3FEE-9117-645E1C12118F}
		{80433F9A-A657-34B6-8A13-88C670538F4D} = {80433F9A-A657-34B6-8A13-88C670538F4D}
	EndProjectSection
EndProject
Project("{8BC9CEB8-8B4A-11D0-8D11-00A0C91BC942}") = "INSTALL", "INSTALL.vcxproj", "{111A1367-553E-3914-B007-5FFB0E149294}"
	ProjectSection(ProjectDependencies) = postProject
		{ADFFFC39-FB92-3D75-B19F-FB69736888D3} = {ADFFFC39-FB92-3D75-B19F-FB69736888D3}
		{36A6018E-80C0-3E77-B742-EBEF9EC5D763} = {36A6018E-80C0-3E77-B742-EBEF9EC5D763}
	EndProjectSection
EndProject
Project("{8BC9CEB8-8B4A-11D0-8D11-00A0C91BC942}") = "RUN_TESTS", "RUN_TESTS.vcxproj", "{0765CCCB-CC07-3D7B-860E-BBC25EA48000}"
	ProjectSection(ProjectDependencies) = postProject
		{36A6018E-80C0-3E77-B742-EBEF9EC5D763} = {36A6018E-80C0-3E77-B742-EBEF9EC5D763}
	EndProjectSection
EndProject
Project("{8BC9CEB8-8B4A-11D0-8D11-00A0C91BC942}") = "ZERO_CHECK", "ZERO_CHECK.vcxproj", "{36A6018E-80C0-3E77-B742-EBEF9EC5D763}"
	ProjectSection(ProjectDependencies) = postProject
	EndProjectSection
EndProject
Project("{8BC9CEB8-8B4A-11D0-8D11-00A0C91BC942}") = "check", "check.vcxproj", "{A7F836DF-2FF4-3BDF-AE04-3957EEF8206A}"
	ProjectSection(ProjectDependencies) = postProject
		{36A6018E-80C0-3E77-B742-EBEF9EC5D763} = {36A6018E-80C0-3E77-B742-EBEF9EC5D763}
		{89CF4244-BBEC-3997-A5D3-CB886A28DF08} = {89CF4244-BBEC-3997-A5D3-CB886A28DF08}
		{2EA69792-5BD2-327B-9548-5053E6FA4D2B} = {2EA69792-5BD2-327B-9548-5053E6FA4D2B}
		{E002DFA6-D78C-3D43-A044-934F8F034B8F} = {E002DFA6-D78C-3D43-A044-934F8F034B8F}
		{D2A8C540-472A-3ACD-B7CA-07799FDA8D9F} = {D2A8C540-472A-3ACD-B7CA-07799FDA8D9F}
		{62E25961-F589-3F63-8100-B67BA2F08B86} = {62E25961-F589-3F63-8100-B67BA2F08B86}
		{B679460D-BF75-3217-9D52-829DDE902ED7} = {B679460D-BF75-3217-9D52-829DDE902ED7}
		{57D4FCB7-B479-3456-AB90-38D8661D347E} = {57D4FCB7-B479-3456-AB90-38D8661D347E}
		{387E5389-C052-3B89-BA7E-80FAA734A7EA} = {387E5389-C052-3B89-BA7E-80FAA734A7EA}
		{1352399A-4CE8-3FEE-9117-645E1C12118F} = {1352399A-4CE8-3FEE-9117-645E1C12118F}
		{80433F9A-A657-34B6-8A13-88C670538F4D} = {80433F9A-A657-34B6-8A13-88C670538F4D}
	EndProjectSection
EndProject
Project("{8BC9CEB8-8B4A-11D0-8D11-00A0C91BC942}") = "soci_core", "src\core\soci_core.vcxproj", "{B80B5E90-B700-38AD-B370-C2102B7DE5B2}"
	ProjectSection(ProjectDependencies) = postProject
		{36A6018E-80C0-3E77-B742-EBEF9EC5D763} = {36A6018E-80C0-3E77-B742-EBEF9EC5D763}
	EndProjectSection
EndProject
Project("{8BC9CEB8-8B4A-11D0-8D11-00A0C91BC942}") = "soci_core_static", "src\core\soci_core_static.vcxproj", "{FB85F571-36D3-3D71-8BD5-F2C358D72517}"
	ProjectSection(ProjectDependencies) = postProject
		{36A6018E-80C0-3E77-B742-EBEF9EC5D763} = {36A6018E-80C0-3E77-B742-EBEF9EC5D763}
	EndProjectSection
EndProject
Project("{8BC9CEB8-8B4A-11D0-8D11-00A0C91BC942}") = "soci_empty", "src\backends\empty\soci_empty.vcxproj", "{654DCBAA-12AB-3858-AB27-0BB6742B91E7}"
	ProjectSection(ProjectDependencies) = postProject
		{36A6018E-80C0-3E77-B742-EBEF9EC5D763} = {36A6018E-80C0-3E77-B742-EBEF9EC5D763}
		{B80B5E90-B700-38AD-B370-C2102B7DE5B2} = {B80B5E90-B700-38AD-B370-C2102B7DE5B2}
	EndProjectSection
EndProject
Project("{8BC9CEB8-8B4A-11D0-8D11-00A0C91BC942}") = "soci_empty_static", "src\backends\empty\soci_empty_static.vcxproj", "{1FE3CE2E-870F-3ABB-A61F-4FA1E4856DE3}"
	ProjectSection(ProjectDependencies) = postProject
		{36A6018E-80C0-3E77-B742-EBEF9EC5D763} = {36A6018E-80C0-3E77-B742-EBEF9EC5D763}
	EndProjectSection
EndProject
Project("{8BC9CEB8-8B4A-11D0-8D11-00A0C91BC942}") = "soci_empty_test", "tests\empty\soci_empty_test.vcxproj", "{89CF4244-BBEC-3997-A5D3-CB886A28DF08}"
	ProjectSection(ProjectDependencies) = postProject
		{36A6018E-80C0-3E77-B742-EBEF9EC5D763} = {36A6018E-80C0-3E77-B742-EBEF9EC5D763}
		{B80B5E90-B700-38AD-B370-C2102B7DE5B2} = {B80B5E90-B700-38AD-B370-C2102B7DE5B2}
		{654DCBAA-12AB-3858-AB27-0BB6742B91E7} = {654DCBAA-12AB-3858-AB27-0BB6742B91E7}
	EndProjectSection
EndProject
Project("{8BC9CEB8-8B4A-11D0-8D11-00A0C91BC942}") = "soci_empty_test_static", "tests\empty\soci_empty_test_static.vcxproj", "{2EA69792-5BD2-327B-9548-5053E6FA4D2B}"
	ProjectSection(ProjectDependencies) = postProject
		{36A6018E-80C0-3E77-B742-EBEF9EC5D763} = {36A6018E-80C0-3E77-B742-EBEF9EC5D763}
		{FB85F571-36D3-3D71-8BD5-F2C358D72517} = {FB85F571-36D3-3D71-8BD5-F2C358D72517}
		{1FE3CE2E-870F-3ABB-A61F-4FA1E4856DE3} = {1FE3CE2E-870F-3ABB-A61F-4FA1E4856DE3}
	EndProjectSection
EndProject
Project("{8BC9CEB8-8B4A-11D0-8D11-00A0C91BC942}") = "soci_odbc", "src\backends\odbc\soci_odbc.vcxproj", "{267425FE-C2D7-37E8-8B0F-0B3C875755A8}"
	ProjectSection(ProjectDependencies) = postProject
		{36A6018E-80C0-3E77-B742-EBEF9EC5D763} = {36A6018E-80C0-3E77-B742-EBEF9EC5D763}
		{B80B5E90-B700-38AD-B370-C2102B7DE5B2} = {B80B5E90-B700-38AD-B370-C2102B7DE5B2}
	EndProjectSection
EndProject
Project("{8BC9CEB8-8B4A-11D0-8D11-00A0C91BC942}") = "soci_odbc_static", "src\backends\odbc\soci_odbc_static.vcxproj", "{E33694A1-53B4-3D8C-B773-19CA2286B6B1}"
	ProjectSection(ProjectDependencies) = postProject
		{36A6018E-80C0-3E77-B742-EBEF9EC5D763} = {36A6018E-80C0-3E77-B742-EBEF9EC5D763}
	EndProjectSection
EndProject
Project("{8BC9CEB8-8B4A-11D0-8D11-00A0C91BC942}") = "soci_odbc_test_access", "tests\odbc\soci_odbc_test_access.vcxproj", "{E002DFA6-D78C-3D43-A044-934F8F034B8F}"
	ProjectSection(ProjectDependencies) = postProject
		{36A6018E-80C0-3E77-B742-EBEF9EC5D763} = {36A6018E-80C0-3E77-B742-EBEF9EC5D763}
		{B80B5E90-B700-38AD-B370-C2102B7DE5B2} = {B80B5E90-B700-38AD-B370-C2102B7DE5B2}
		{267425FE-C2D7-37E8-8B0F-0B3C875755A8} = {267425FE-C2D7-37E8-8B0F-0B3C875755A8}
	EndProjectSection
EndProject
Project("{8BC9CEB8-8B4A-11D0-8D11-00A0C91BC942}") = "soci_odbc_test_access_static", "tests\odbc\soci_odbc_test_access_static.vcxproj", "{D2A8C540-472A-3ACD-B7CA-07799FDA8D9F}"
	ProjectSection(ProjectDependencies) = postProject
		{36A6018E-80C0-3E77-B742-EBEF9EC5D763} = {36A6018E-80C0-3E77-B742-EBEF9EC5D763}
		{FB85F571-36D3-3D71-8BD5-F2C358D72517} = {FB85F571-36D3-3D71-8BD5-F2C358D72517}
		{E33694A1-53B4-3D8C-B773-19CA2286B6B1} = {E33694A1-53B4-3D8C-B773-19CA2286B6B1}
	EndProjectSection
EndProject
Project("{8BC9CEB8-8B4A-11D0-8D11-00A0C91BC942}") = "soci_odbc_test_mssql", "tests\odbc\soci_odbc_test_mssql.vcxproj", "{62E25961-F589-3F63-8100-B67BA2F08B86}"
	ProjectSection(ProjectDependencies) = postProject
		{36A6018E-80C0-3E77-B742-EBEF9EC5D763} = {36A6018E-80C0-3E77-B742-EBEF9EC5D763}
		{B80B5E90-B700-38AD-B370-C2102B7DE5B2} = {B80B5E90-B700-38AD-B370-C2102B7DE5B2}
		{267425FE-C2D7-37E8-8B0F-0B3C875755A8} = {267425FE-C2D7-37E8-8B0F-0B3C875755A8}
	EndProjectSection
EndProject
Project("{8BC9CEB8-8B4A-11D0-8D11-00A0C91BC942}") = "soci_odbc_test_mssql_static", "tests\odbc\soci_odbc_test_mssql_static.vcxproj", "{B679460D-BF75-3217-9D52-829DDE902ED7}"
	ProjectSection(ProjectDependencies) = postProject
		{36A6018E-80C0-3E77-B742-EBEF9EC5D763} = {36A6018E-80C0-3E77-B742-EBEF9EC5D763}
		{FB85F571-36D3-3D71-8BD5-F2C358D72517} = {FB85F571-36D3-3D71-8BD5-F2C358D72517}
		{E33694A1-53B4-3D8C-B773-19CA2286B6B1} = {E33694A1-53B4-3D8C-B773-19CA2286B6B1}
	EndProjectSection
EndProject
Project("{8BC9CEB8-8B4A-11D0-8D11-00A0C91BC942}") = "soci_odbc_test_mysql", "tests\odbc\soci_odbc_test_mysql.vcxproj", "{57D4FCB7-B479-3456-AB90-38D8661D347E}"
	ProjectSection(ProjectDependencies) = postProject
		{36A6018E-80C0-3E77-B742-EBEF9EC5D763} = {36A6018E-80C0-3E77-B742-EBEF9EC5D763}
		{B80B5E90-B700-38AD-B370-C2102B7DE5B2} = {B80B5E90-B700-38AD-B370-C2102B7DE5B2}
		{267425FE-C2D7-37E8-8B0F-0B3C875755A8} = {267425FE-C2D7-37E8-8B0F-0B3C875755A8}
	EndProjectSection
EndProject
Project("{8BC9CEB8-8B4A-11D0-8D11-00A0C91BC942}") = "soci_odbc_test_mysql_static", "tests\odbc\soci_odbc_test_mysql_static.vcxproj", "{387E5389-C052-3B89-BA7E-80FAA734A7EA}"
	ProjectSection(ProjectDependencies) = postProject
		{36A6018E-80C0-3E77-B742-EBEF9EC5D763} = {36A6018E-80C0-3E77-B742-EBEF9EC5D763}
		{FB85F571-36D3-3D71-8BD5-F2C358D72517} = {FB85F571-36D3-3D71-8BD5-F2C358D72517}
		{E33694A1-53B4-3D8C-B773-19CA2286B6B1} = {E33694A1-53B4-3D8C-B773-19CA2286B6B1}
	EndProjectSection
EndProject
Project("{8BC9CEB8-8B4A-11D0-8D11-00A0C91BC942}") = "soci_odbc_test_postgresql", "tests\odbc\soci_odbc_test_postgresql.vcxproj", "{1352399A-4CE8-3FEE-9117-645E1C12118F}"
	ProjectSection(ProjectDependencies) = postProject
		{36A6018E-80C0-3E77-B742-EBEF9EC5D763} = {36A6018E-80C0-3E77-B742-EBEF9EC5D763}
		{B80B5E90-B700-38AD-B370-C2102B7DE5B2} = {B80B5E90-B700-38AD-B370-C2102B7DE5B2}
		{267425FE-C2D7-37E8-8B0F-0B3C875755A8} = {267425FE-C2D7-37E8-8B0F-0B3C875755A8}
	EndProjectSection
EndProject
Project("{8BC9CEB8-8B4A-11D0-8D11-00A0C91BC942}") = "soci_odbc_test_postgresql_static", "tests\odbc\soci_odbc_test_postgresql_static.vcxproj", "{80433F9A-A657-34B6-8A13-88C670538F4D}"
	ProjectSection(ProjectDependencies) = postProject
		{36A6018E-80C0-3E77-B742-EBEF9EC5D763} = {36A6018E-80C0-3E77-B742-EBEF9EC5D763}
		{FB85F571-36D3-3D71-8BD5-F2C358D72517} = {FB85F571-36D3-3D71-8BD5-F2C358D72517}
		{E33694A1-53B4-3D8C-B773-19CA2286B6B1} = {E33694A1-53B4-3D8C-B773-19CA2286B6B1}
	EndProjectSection
EndProject
Global
	GlobalSection(SolutionConfigurationPlatforms) = preSolution
		Debug|x64 = Debug|x64
		Release|x64 = Release|x64
		MinSizeRel|x64 = MinSizeRel|x64
		RelWithDebInfo|x64 = RelWithDebInfo|x64
	EndGlobalSection
	GlobalSection(ProjectConfigurationPlatforms) = postSolution
		{ADFFFC39-FB92-3D75-B19F-FB69736888D3}.Debug|x64.ActiveCfg = Debug|x64
		{ADFFFC39-FB92-3D75-B19F-FB69736888D3}.Debug|x64.Build.0 = Debug|x64
		{ADFFFC39-FB92-3D75-B19F-FB69736888D3}.Release|x64.ActiveCfg = Release|x64
		{ADFFFC39-FB92-3D75-B19F-FB69736888D3}.Release|x64.Build.0 = Release|x64
		{ADFFFC39-FB92-3D75-B19F-FB69736888D3}.MinSizeRel|x64.ActiveCfg = MinSizeRel|x64
		{ADFFFC39-FB92-3D75-B19F-FB69736888D3}.MinSizeRel|x64.Build.0 = MinSizeRel|x64
		{ADFFFC39-FB92-3D75-B19F-FB69736888D3}.RelWithDebInfo|x64.ActiveCfg = RelWithDebInfo|x64
		{ADFFFC39-FB92-3D75-B19F-FB69736888D3}.RelWithDebInfo|x64.Build.0 = RelWithDebInfo|x64
		{111A1367-553E-3914-B007-5FFB0E149294}.Debug|x64.ActiveCfg = Debug|x64
		{111A1367-553E-3914-B007-5FFB0E149294}.Release|x64.ActiveCfg = Release|x64
		{111A1367-553E-3914-B007-5FFB0E149294}.MinSizeRel|x64.ActiveCfg = MinSizeRel|x64
		{111A1367-553E-3914-B007-5FFB0E149294}.RelWithDebInfo|x64.ActiveCfg = RelWithDebInfo|x64
		{0765CCCB-CC07-3D7B-860E-BBC25EA48000}.Debug|x64.ActiveCfg = Debug|x64
		{0765CCCB-CC07-3D7B-860E-BBC25EA48000}.Release|x64.ActiveCfg = Release|x64
		{0765CCCB-CC07-3D7B-860E-BBC25EA48000}.MinSizeRel|x64.ActiveCfg = MinSizeRel|x64
		{0765CCCB-CC07-3D7B-860E-BBC25EA48000}.RelWithDebInfo|x64.ActiveCfg = RelWithDebInfo|x64
		{36A6018E-80C0-3E77-B742-EBEF9EC5D763}.Debug|x64.ActiveCfg = Debug|x64
		{36A6018E-80C0-3E77-B742-EBEF9EC5D763}.Debug|x64.Build.0 = Debug|x64
		{36A6018E-80C0-3E77-B742-EBEF9EC5D763}.Release|x64.ActiveCfg = Release|x64
		{36A6018E-80C0-3E77-B742-EBEF9EC5D763}.Release|x64.Build.0 = Release|x64
		{36A6018E-80C0-3E77-B742-EBEF9EC5D763}.MinSizeRel|x64.ActiveCfg = MinSizeRel|x64
		{36A6018E-80C0-3E77-B742-EBEF9EC5D763}.MinSizeRel|x64.Build.0 = MinSizeRel|x64
		{36A6018E-80C0-3E77-B742-EBEF9EC5D763}.RelWithDebInfo|x64.ActiveCfg = RelWithDebInfo|x64
		{36A6018E-80C0-3E77-B742-EBEF9EC5D763}.RelWithDebInfo|x64.Build.0 = RelWithDebInfo|x64
		{A7F836DF-2FF4-3BDF-AE04-3957EEF8206A}.Debug|x64.ActiveCfg = Debug|x64
		{A7F836DF-2FF4-3BDF-AE04-3957EEF8206A}.Release|x64.ActiveCfg = Release|x64
		{A7F836DF-2FF4-3BDF-AE04-3957EEF8206A}.MinSizeRel|x64.ActiveCfg = MinSizeRel|x64
		{A7F836DF-2FF4-3BDF-AE04-3957EEF8206A}.RelWithDebInfo|x64.ActiveCfg = RelWithDebInfo|x64
		{B80B5E90-B700-38AD-B370-C2102B7DE5B2}.Debug|x64.ActiveCfg = Debug|x64
		{B80B5E90-B700-38AD-B370-C2102B7DE5B2}.Debug|x64.Build.0 = Debug|x64
		{B80B5E90-B700-38AD-B370-C2102B7DE5B2}.Release|x64.ActiveCfg = Release|x64
		{B80B5E90-B700-38AD-B370-C2102B7DE5B2}.Release|x64.Build.0 = Release|x64
		{B80B5E90-B700-38AD-B370-C2102B7DE5B2}.MinSizeRel|x64.ActiveCfg = MinSizeRel|x64
		{B80B5E90-B700-38AD-B370-C2102B7DE5B2}.MinSizeRel|x64.Build.0 = MinSizeRel|x64
		{B80B5E90-B700-38AD-B370-C2102B7DE5B2}.RelWithDebInfo|x64.ActiveCfg = RelWithDebInfo|x64
		{B80B5E90-B700-38AD-B370-C2102B7DE5B2}.RelWithDebInfo|x64.Build.0 = RelWithDebInfo|x64
		{FB85F571-36D3-3D71-8BD5-F2C358D72517}.Debug|x64.ActiveCfg = Debug|x64
		{FB85F571-36D3-3D71-8BD5-F2C358D72517}.Debug|x64.Build.0 = Debug|x64
		{FB85F571-36D3-3D71-8BD5-F2C358D72517}.Release|x64.ActiveCfg = Release|x64
		{FB85F571-36D3-3D71-8BD5-F2C358D72517}.Release|x64.Build.0 = Release|x64
		{FB85F571-36D3-3D71-8BD5-F2C358D72517}.MinSizeRel|x64.ActiveCfg = MinSizeRel|x64
		{FB85F571-36D3-3D71-8BD5-F2C358D72517}.MinSizeRel|x64.Build.0 = MinSizeRel|x64
		{FB85F571-36D3-3D71-8BD5-F2C358D72517}.RelWithDebInfo|x64.ActiveCfg = RelWithDebInfo|x64
		{FB85F571-36D3-3D71-8BD5-F2C358D72517}.RelWithDebInfo|x64.Build.0 = RelWithDebInfo|x64
		{654DCBAA-12AB-3858-AB27-0BB6742B91E7}.Debug|x64.ActiveCfg = Debug|x64
		{654DCBAA-12AB-3858-AB27-0BB6742B91E7}.Debug|x64.Build.0 = Debug|x64
		{654DCBAA-12AB-3858-AB27-0BB6742B91E7}.Release|x64.ActiveCfg = Release|x64
		{654DCBAA-12AB-3858-AB27-0BB6742B91E7}.Release|x64.Build.0 = Release|x64
		{654DCBAA-12AB-3858-AB27-0BB6742B91E7}.MinSizeRel|x64.ActiveCfg = MinSizeRel|x64
		{654DCBAA-12AB-3858-AB27-0BB6742B91E7}.MinSizeRel|x64.Build.0 = MinSizeRel|x64
		{654DCBAA-12AB-3858-AB27-0BB6742B91E7}.RelWithDebInfo|x64.ActiveCfg = RelWithDebInfo|x64
		{654DCBAA-12AB-3858-AB27-0BB6742B91E7}.RelWithDebInfo|x64.Build.0 = RelWithDebInfo|x64
		{1FE3CE2E-870F-3ABB-A61F-4FA1E4856DE3}.Debug|x64.ActiveCfg = Debug|x64
		{1FE3CE2E-870F-3ABB-A61F-4FA1E4856DE3}.Debug|x64.Build.0 = Debug|x64
		{1FE3CE2E-870F-3ABB-A61F-4FA1E4856DE3}.Release|x64.ActiveCfg = Release|x64
		{1FE3CE2E-870F-3ABB-A61F-4FA1E4856DE3}.Release|x64.Build.0 = Release|x64
		{1FE3CE2E-870F-3ABB-A61F-4FA1E4856DE3}.MinSizeRel|x64.ActiveCfg = MinSizeRel|x64
		{1FE3CE2E-870F-3ABB-A61F-4FA1E4856DE3}.MinSizeRel|x64.Build.0 = MinSizeRel|x64
		{1FE3CE2E-870F-3ABB-A61F-4FA1E4856DE3}.RelWithDebInfo|x64.ActiveCfg = RelWithDebInfo|x64
		{1FE3CE2E-870F-3ABB-A61F-4FA1E4856DE3}.RelWithDebInfo|x64.Build.0 = RelWithDebInfo|x64
		{89CF4244-BBEC-3997-A5D3-CB886A28DF08}.Debug|x64.ActiveCfg = Debug|x64
		{89CF4244-BBEC-3997-A5D3-CB886A28DF08}.Debug|x64.Build.0 = Debug|x64
		{89CF4244-BBEC-3997-A5D3-CB886A28DF08}.Release|x64.ActiveCfg = Release|x64
		{89CF4244-BBEC-3997-A5D3-CB886A28DF08}.Release|x64.Build.0 = Release|x64
		{89CF4244-BBEC-3997-A5D3-CB886A28DF08}.MinSizeRel|x64.ActiveCfg = MinSizeRel|x64
		{89CF4244-BBEC-3997-A5D3-CB886A28DF08}.MinSizeRel|x64.Build.0 = MinSizeRel|x64
		{89CF4244-BBEC-3997-A5D3-CB886A28DF08}.RelWithDebInfo|x64.ActiveCfg = RelWithDebInfo|x64
		{89CF4244-BBEC-3997-A5D3-CB886A28DF08}.RelWithDebInfo|x64.Build.0 = RelWithDebInfo|x64
		{2EA69792-5BD2-327B-9548-5053E6FA4D2B}.Debug|x64.ActiveCfg = Debug|x64
		{2EA69792-5BD2-327B-9548-5053E6FA4D2B}.Debug|x64.Build.0 = Debug|x64
		{2EA69792-5BD2-327B-9548-5053E6FA4D2B}.Release|x64.ActiveCfg = Release|x64
		{2EA69792-5BD2-327B-9548-5053E6FA4D2B}.Release|x64.Build.0 = Release|x64
		{2EA69792-5BD2-327B-9548-5053E6FA4D2B}.MinSizeRel|x64.ActiveCfg = MinSizeRel|x64
		{2EA69792-5BD2-327B-9548-5053E6FA4D2B}.MinSizeRel|x64.Build.0 = MinSizeRel|x64
		{2EA69792-5BD2-327B-9548-5053E6FA4D2B}.RelWithDebInfo|x64.ActiveCfg = RelWithDebInfo|x64
		{2EA69792-5BD2-327B-9548-5053E6FA4D2B}.RelWithDebInfo|x64.Build.0 = RelWithDebInfo|x64
		{267425FE-C2D7-37E8-8B0F-0B3C875755A8}.Debug|x64.ActiveCfg = Debug|x64
		{267425FE-C2D7-37E8-8B0F-0B3C875755A8}.Debug|x64.Build.0 = Debug|x64
		{267425FE-C2D7-37E8-8B0F-0B3C875755A8}.Release|x64.ActiveCfg = Release|x64
		{267425FE-C2D7-37E8-8B0F-0B3C875755A8}.Release|x64.Build.0 = Release|x64
		{267425FE-C2D7-37E8-8B0F-0B3C875755A8}.MinSizeRel|x64.ActiveCfg = MinSizeRel|x64
		{267425FE-C2D7-37E8-8B0F-0B3C875755A8}.MinSizeRel|x64.Build.0 = MinSizeRel|x64
		{267425FE-C2D7-37E8-8B0F-0B3C875755A8}.RelWithDebInfo|x64.ActiveCfg = RelWithDebInfo|x64
		{267425FE-C2D7-37E8-8B0F-0B3C875755A8}.RelWithDebInfo|x64.Build.0 = RelWithDebInfo|x64
		{E33694A1-53B4-3D8C-B773-19CA2286B6B1}.Debug|x64.ActiveCfg = Debug|x64
		{E33694A1-53B4-3D8C-B773-19CA2286B6B1}.Debug|x64.Build.0 = Debug|x64
		{E33694A1-53B4-3D8C-B773-19CA2286B6B1}.Release|x64.ActiveCfg = Release|x64
		{E33694A1-53B4-3D8C-B773-19CA2286B6B1}.Release|x64.Build.0 = Release|x64
		{E33694A1-53B4-3D8C-B773-19CA2286B6B1}.MinSizeRel|x64.ActiveCfg = MinSizeRel|x64
		{E33694A1-53B4-3D8C-B773-19CA2286B6B1}.MinSizeRel|x64.Build.0 = MinSizeRel|x64
		{E33694A1-53B4-3D8C-B773-19CA2286B6B1}.RelWithDebInfo|x64.ActiveCfg = RelWithDebInfo|x64
		{E33694A1-53B4-3D8C-B773-19CA2286B6B1}.RelWithDebInfo|x64.Build.0 = RelWithDebInfo|x64
		{E002DFA6-D78C-3D43-A044-934F8F034B8F}.Debug|x64.ActiveCfg = Debug|x64
		{E002DFA6-D78C-3D43-A044-934F8F034B8F}.Debug|x64.Build.0 = Debug|x64
		{E002DFA6-D78C-3D43-A044-934F8F034B8F}.Release|x64.ActiveCfg = Release|x64
		{E002DFA6-D78C-3D43-A044-934F8F034B8F}.Release|x64.Build.0 = Release|x64
		{E002DFA6-D78C-3D43-A044-934F8F034B8F}.MinSizeRel|x64.ActiveCfg = MinSizeRel|x64
		{E002DFA6-D78C-3D43-A044-934F8F034B8F}.MinSizeRel|x64.Build.0 = MinSizeRel|x64
		{E002DFA6-D78C-3D43-A044-934F8F034B8F}.RelWithDebInfo|x64.ActiveCfg = RelWithDebInfo|x64
		{E002DFA6-D78C-3D43-A044-934F8F034B8F}.RelWithDebInfo|x64.Build.0 = RelWithDebInfo|x64
		{D2A8C540-472A-3ACD-B7CA-07799FDA8D9F}.Debug|x64.ActiveCfg = Debug|x64
		{D2A8C540-472A-3ACD-B7CA-07799FDA8D9F}.Debug|x64.Build.0 = Debug|x64
		{D2A8C540-472A-3ACD-B7CA-07799FDA8D9F}.Release|x64.ActiveCfg = Release|x64
		{D2A8C540-472A-3ACD-B7CA-07799FDA8D9F}.Release|x64.Build.0 = Release|x64
		{D2A8C540-472A-3ACD-B7CA-07799FDA8D9F}.MinSizeRel|x64.ActiveCfg = MinSizeRel|x64
		{D2A8C540-472A-3ACD-B7CA-07799FDA8D9F}.MinSizeRel|x64.Build.0 = MinSizeRel|x64
		{D2A8C540-472A-3ACD-B7CA-07799FDA8D9F}.RelWithDebInfo|x64.ActiveCfg = RelWithDebInfo|x64
		{D2A8C540-472A-3ACD-B7CA-07799FDA8D9F}.RelWithDebInfo|x64.Build.0 = RelWithDebInfo|x64
		{62E25961-F589-3F63-8100-B67BA2F08B86}.Debug|x64.ActiveCfg = Debug|x64
		{62E25961-F589-3F63-8100-B67BA2F08B86}.Debug|x64.Build.0 = Debug|x64
		{62E25961-F589-3F63-8100-B67BA2F08B86}.Release|x64.ActiveCfg = Release|x64
		{62E25961-F589-3F63-8100-B67BA2F08B86}.Release|x64.Build.0 = Release|x64
		{62E25961-F589-3F63-8100-B67BA2F08B86}.MinSizeRel|x64.ActiveCfg = MinSizeRel|x64
		{62E25961-F589-3F63-8100-B67BA2F08B86}.MinSizeRel|x64.Build.0 = MinSizeRel|x64
		{62E25961-F589-3F63-8100-B67BA2F08B86}.RelWithDebInfo|x64.ActiveCfg = RelWithDebInfo|x64
		{62E25961-F589-3F63-8100-B67BA2F08B86}.RelWithDebInfo|x64.Build.0 = RelWithDebInfo|x64
		{B679460D-BF75-3217-9D52-829DDE902ED7}.Debug|x64.ActiveCfg = Debug|x64
		{B679460D-BF75-3217-9D52-829DDE902ED7}.Debug|x64.Build.0 = Debug|x64
		{B679460D-BF75-3217-9D52-829DDE902ED7}.Release|x64.ActiveCfg = Release|x64
		{B679460D-BF75-3217-9D52-829DDE902ED7}.Release|x64.Build.0 = Release|x64
		{B679460D-BF75-3217-9D52-829DDE902ED7}.MinSizeRel|x64.ActiveCfg = MinSizeRel|x64
		{B679460D-BF75-3217-9D52-829DDE902ED7}.MinSizeRel|x64.Build.0 = MinSizeRel|x64
		{B679460D-BF75-3217-9D52-829DDE902ED7}.RelWithDebInfo|x64.ActiveCfg = RelWithDebInfo|x64
		{B679460D-BF75-3217-9D52-829DDE902ED7}.RelWithDebInfo|x64.Build.0 = RelWithDebInfo|x64
		{57D4FCB7-B479-3456-AB90-38D8661D347E}.Debug|x64.ActiveCfg = Debug|x64
		{57D4FCB7-B479-3456-AB90-38D8661D347E}.Debug|x64.Build.0 = Debug|x64
		{57D4FCB7-B479-3456-AB90-38D8661D347E}.Release|x64.ActiveCfg = Release|x64
		{57D4FCB7-B479-3456-AB90-38D8661D347E}.Release|x64.Build.0 = Release|x64
		{57D4FCB7-B479-3456-AB90-38D8661D347E}.MinSizeRel|x64.ActiveCfg = MinSizeRel|x64
		{57D4FCB7-B479-3456-AB90-38D8661D347E}.MinSizeRel|x64.Build.0 = MinSizeRel|x64
		{57D4FCB7-B479-3456-AB90-38D8661D347E}.RelWithDebInfo|x64.ActiveCfg = RelWithDebInfo|x64
		{57D4FCB7-B479-3456-AB90-38D8661D347E}.RelWithDebInfo|x64.Build.0 = RelWithDebInfo|x64
		{387E5389-C052-3B89-BA7E-80FAA734A7EA}.Debug|x64.ActiveCfg = Debug|x64
		{387E5389-C052-3B89-BA7E-80FAA734A7EA}.Debug|x64.Build.0 = Debug|x64
		{387E5389-C052-3B89-BA7E-80FAA734A7EA}.Release|x64.ActiveCfg = Release|x64
		{387E5389-C052-3B89-BA7E-80FAA734A7EA}.Release|x64.Build.0 = Release|x64
		{387E5389-C052-3B89-BA7E-80FAA734A7EA}.MinSizeRel|x64.ActiveCfg = MinSizeRel|x64
		{387E5389-C052-3B89-BA7E-80FAA734A7EA}.MinSizeRel|x64.Build.0 = MinSizeRel|x64
		{387E5389-C052-3B89-BA7E-80FAA734A7EA}.RelWithDebInfo|x64.ActiveCfg = RelWithDebInfo|x64
		{387E5389-C052-3B89-BA7E-80FAA734A7EA}.RelWithDebInfo|x64.Build.0 = RelWithDebInfo|x64
		{1352399A-4CE8-3FEE-9117-645E1C12118F}.Debug|x64.ActiveCfg = Debug|x64
		{1352399A-4CE8-3FEE-9117-645E1C12118F}.Debug|x64.Build.0 = Debug|x64
		{1352399A-4CE8-3FEE-9117-645E1C12118F}.Release|x64.ActiveCfg = Release|x64
		{1352399A-4CE8-3FEE-9117-645E1C12118F}.Release|x64.Build.0 = Release|x64
		{1352399A-4CE8-3FEE-9117-645E1C12118F}.MinSizeRel|x64.ActiveCfg = MinSizeRel|x64
		{1352399A-4CE8-3FEE-9117-645E1C12118F}.MinSizeRel|x64.Build.0 = MinSizeRel|x64
		{1352399A-4CE8-3FEE-9117-645E1C12118F}.RelWithDebInfo|x64.ActiveCfg = RelWithDebInfo|x64
		{1352399A-4CE8-3FEE-9117-645E1C12118F}.RelWithDebInfo|x64.Build.0 = RelWithDebInfo|x64
		{80433F9A-A657-34B6-8A13-88C670538F4D}.Debug|x64.ActiveCfg = Debug|x64
		{80433F9A-A657-34B6-8A13-88C670538F4D}.Debug|x64.Build.0 = Debug|x64
		{80433F9A-A657-34B6-8A13-88C670538F4D}.Release|x64.ActiveCfg = Release|x64
		{80433F9A-A657-34B6-8A13-88C670538F4D}.Release|x64.Build.0 = Release|x64
		{80433F9A-A657-34B6-8A13-88C670538F4D}.MinSizeRel|x64.ActiveCfg = MinSizeRel|x64
		{80433F9A-A657-34B6-8A13-88C670538F4D}.MinSizeRel|x64.Build.0 = MinSizeRel|x64
		{80433F9A-A657-34B6-8A13-88C670538F4D}.RelWithDebInfo|x64.ActiveCfg = RelWithDebInfo|x64
		{80433F9A-A657-34B6-8A13-88C670538F4D}.RelWithDebInfo|x64.Build.0 = RelWithDebInfo|x64
	EndGlobalSection
	GlobalSection(ExtensibilityGlobals) = postSolution
		SolutionGuid = {C04B41EB-0553-388E-8BA2-1F190C30E593}
	EndGlobalSection
	GlobalSection(ExtensibilityAddIns) = postSolution
	EndGlobalSection
EndGlobal
